{
  "name": "@yehsuf/headroom-lite",
  "version": "0.31.0",
  "lockfileVersion": 3,
  "requires": true,
  "packages": {
    "": {
      "name": "@yehsuf/headroom-lite",
      "version": "0.31.0",
      "license": "MIT",
      "bin": {
        "headroom-lite": "src/index.mjs"
      },
      "engines": {
        "node": ">=20.0.0"
      }
    }
  }
}
